
Microsoft Visual Studio Solution File, Format Version 12.00
# Visual Studio 15
VisualStudioVersion = 15.0.28010.2026
MinimumVisualStudioVersion = 10.0.40219.1
Project("{FAE04EC0-301F-11D3-BF4B-00C04F79EFBC}") = "www", "www\www.csproj", "{2E929F1B-129A-4D21-B717-7B2D2D639617}"
EndProject
Project("{FAE04EC0-301F-11D3-BF4B-00C04F79EFBC}") = "TestLogica", "TestLogica\TestLogica.csproj", "{7B5E33DD-F408-4C99-B454-89385DAF617A}"
EndProject
Project("{FAE04EC0-301F-11D3-BF4B-00C04F79EFBC}") = "Logica", "Logica\Logica.csproj", "{F6CC25D9-E246-4AC7-A85F-1E73240C5D09}"
EndProject
Global
	GlobalSection(SolutionConfigurationPlatforms) = preSolution
		Debug|Any CPU = Debug|Any CPU
		Release|Any CPU = Release|Any CPU
	EndGlobalSection
	GlobalSection(ProjectConfigurationPlatforms) = postSolution
		{2E929F1B-129A-4D21-B717-7B2D2D639617}.Debug|Any CPU.ActiveCfg = Debug|Any CPU
		{2E929F1B-129A-4D21-B717-7B2D2D639617}.Debug|Any CPU.Build.0 = Debug|Any CPU
		{2E929F1B-129A-4D21-B717-7B2D2D639617}.Release|Any CPU.ActiveCfg = Release|Any CPU
		{2E929F1B-129A-4D21-B717-7B2D2D639617}.Release|Any CPU.Build.0 = Release|Any CPU
		{7B5E33DD-F408-4C99-B454-89385DAF617A}.Debug|Any CPU.ActiveCfg = Debug|Any CPU
		{7B5E33DD-F408-4C99-B454-89385DAF617A}.Debug|Any CPU.Build.0 = Debug|Any CPU
		{7B5E33DD-F408-4C99-B454-89385DAF617A}.Release|Any CPU.ActiveCfg = Release|Any CPU
		{7B5E33DD-F408-4C99-B454-89385DAF617A}.Release|Any CPU.Build.0 = Release|Any CPU
		{F6CC25D9-E246-4AC7-A85F-1E73240C5D09}.Debug|Any CPU.ActiveCfg = Debug|Any CPU
		{F6CC25D9-E246-4AC7-A85F-1E73240C5D09}.Debug|Any CPU.Build.0 = Debug|Any CPU
		{F6CC25D9-E246-4AC7-A85F-1E73240C5D09}.Release|Any CPU.ActiveCfg = Release|Any CPU
		{F6CC25D9-E246-4AC7-A85F-1E73240C5D09}.Release|Any CPU.Build.0 = Release|Any CPU
	EndGlobalSection
	GlobalSection(SolutionProperties) = preSolution
		HideSolutionNode = FALSE
	EndGlobalSection
	GlobalSection(ExtensibilityGlobals) = postSolution
		SolutionGuid = {7CDAC40F-C5EB-49D5-8E22-B142A07B9110}
	EndGlobalSection
EndGlobal
