
Microsoft Visual Studio Solution File, Format Version 12.00
# Visual Studio 15
VisualStudioVersion = 15.0.28010.2026
MinimumVisualStudioVersion = 10.0.40219.1
Project("{FAE04EC0-301F-11D3-BF4B-00C04F79EFBC}") = "www", "www\www.csproj", "{B3F628E5-8108-42DD-A34A-1E89F88B068F}"
EndProject
Project("{FAE04EC0-301F-11D3-BF4B-00C04F79EFBC}") = "LibClases", "LibClases\LibClases.csproj", "{A35D66B7-ADF6-45BB-9069-0FBA94873143}"
EndProject
Project("{FAE04EC0-301F-11D3-BF4B-00C04F79EFBC}") = "LibClases.test", "LibClases.test\LibClases.test.csproj", "{74526E3B-0210-4830-BA73-0F0864195E74}"
EndProject
Global
	GlobalSection(SolutionConfigurationPlatforms) = preSolution
		Debug|Any CPU = Debug|Any CPU
		Release|Any CPU = Release|Any CPU
	EndGlobalSection
	GlobalSection(ProjectConfigurationPlatforms) = postSolution
		{B3F628E5-8108-42DD-A34A-1E89F88B068F}.Debug|Any CPU.ActiveCfg = Debug|Any CPU
		{B3F628E5-8108-42DD-A34A-1E89F88B068F}.Debug|Any CPU.Build.0 = Debug|Any CPU
		{B3F628E5-8108-42DD-A34A-1E89F88B068F}.Release|Any CPU.ActiveCfg = Release|Any CPU
		{B3F628E5-8108-42DD-A34A-1E89F88B068F}.Release|Any CPU.Build.0 = Release|Any CPU
		{A35D66B7-ADF6-45BB-9069-0FBA94873143}.Debug|Any CPU.ActiveCfg = Debug|Any CPU
		{A35D66B7-ADF6-45BB-9069-0FBA94873143}.Debug|Any CPU.Build.0 = Debug|Any CPU
		{A35D66B7-ADF6-45BB-9069-0FBA94873143}.Release|Any CPU.ActiveCfg = Release|Any CPU
		{A35D66B7-ADF6-45BB-9069-0FBA94873143}.Release|Any CPU.Build.0 = Release|Any CPU
		{74526E3B-0210-4830-BA73-0F0864195E74}.Debug|Any CPU.ActiveCfg = Debug|Any CPU
		{74526E3B-0210-4830-BA73-0F0864195E74}.Debug|Any CPU.Build.0 = Debug|Any CPU
		{74526E3B-0210-4830-BA73-0F0864195E74}.Release|Any CPU.ActiveCfg = Release|Any CPU
		{74526E3B-0210-4830-BA73-0F0864195E74}.Release|Any CPU.Build.0 = Release|Any CPU
	EndGlobalSection
	GlobalSection(SolutionProperties) = preSolution
		HideSolutionNode = FALSE
	EndGlobalSection
	GlobalSection(ExtensibilityGlobals) = postSolution
		SolutionGuid = {26242915-E5AA-4227-AF35-38AD3AD4841C}
	EndGlobalSection
EndGlobal
